
Microsoft Visual Studio Solution File, Format Version 11.00
# Visual Studio 2010
Project("{F184B08F-C81C-45F6-A57F-5ABD9991F28F}") = "KMS-electronic", "KMS-electronic\KMS-electronic.vbproj", "{C14582B2-5DEC-4FF7-B172-8ECCB8FE64DE}"
EndProject
Global
	GlobalSection(SolutionConfigurationPlatforms) = preSolution
		Debug|x86 = Debug|x86
		Release|x86 = Release|x86
	EndGlobalSection
	GlobalSection(ProjectConfigurationPlatforms) = postSolution
		{C14582B2-5DEC-4FF7-B172-8ECCB8FE64DE}.Debug|x86.ActiveCfg = Debug|x86
		{C14582B2-5DEC-4FF7-B172-8ECCB8FE64DE}.Debug|x86.Build.0 = Debug|x86
		{C14582B2-5DEC-4FF7-B172-8ECCB8FE64DE}.Release|x86.ActiveCfg = Release|x86
		{C14582B2-5DEC-4FF7-B172-8ECCB8FE64DE}.Release|x86.Build.0 = Release|x86
	EndGlobalSection
	GlobalSection(SolutionProperties) = preSolution
		HideSolutionNode = FALSE
	EndGlobalSection
EndGlobal
