
Microsoft Visual Studio Solution File, Format Version 11.00
# Visual Studio 2010
Project("{F184B08F-C81C-45F6-A57F-5ABD9991F28F}") = "четка", "четка\четка.vbproj", "{560B5FAF-0370-496D-870D-A171E9210F54}"
EndProject
Global
	GlobalSection(SolutionConfigurationPlatforms) = preSolution
		Debug|x86 = Debug|x86
		Release|x86 = Release|x86
	EndGlobalSection
	GlobalSection(ProjectConfigurationPlatforms) = postSolution
		{560B5FAF-0370-496D-870D-A171E9210F54}.Debug|x86.ActiveCfg = Debug|x86
		{560B5FAF-0370-496D-870D-A171E9210F54}.Debug|x86.Build.0 = Debug|x86
		{560B5FAF-0370-496D-870D-A171E9210F54}.Release|x86.ActiveCfg = Release|x86
		{560B5FAF-0370-496D-870D-A171E9210F54}.Release|x86.Build.0 = Release|x86
	EndGlobalSection
	GlobalSection(SolutionProperties) = preSolution
		HideSolutionNode = FALSE
	EndGlobalSection
EndGlobal
