
Microsoft Visual Studio Solution File, Format Version 11.00
# Visual Studio 2010
Project("{F184B08F-C81C-45F6-A57F-5ABD9991F28F}") = "ези-тура", "ези-тура\ези-тура.vbproj", "{64B3EBCA-62D0-43DC-AB24-752721492FCF}"
EndProject
Global
	GlobalSection(SolutionConfigurationPlatforms) = preSolution
		Debug|x86 = Debug|x86
		Release|x86 = Release|x86
	EndGlobalSection
	GlobalSection(ProjectConfigurationPlatforms) = postSolution
		{64B3EBCA-62D0-43DC-AB24-752721492FCF}.Debug|x86.ActiveCfg = Debug|x86
		{64B3EBCA-62D0-43DC-AB24-752721492FCF}.Debug|x86.Build.0 = Debug|x86
		{64B3EBCA-62D0-43DC-AB24-752721492FCF}.Release|x86.ActiveCfg = Release|x86
		{64B3EBCA-62D0-43DC-AB24-752721492FCF}.Release|x86.Build.0 = Release|x86
	EndGlobalSection
	GlobalSection(SolutionProperties) = preSolution
		HideSolutionNode = FALSE
	EndGlobalSection
EndGlobal
