
Microsoft Visual Studio Solution File, Format Version 11.00
# Visual Studio 2010
Project("{F184B08F-C81C-45F6-A57F-5ABD9991F28F}") = "Igra steni", "Igra steni\Igra steni.vbproj", "{BFBE5618-7AFE-4778-8022-617D16F9426F}"
EndProject
Global
	GlobalSection(SolutionConfigurationPlatforms) = preSolution
		Debug|x86 = Debug|x86
		Release|x86 = Release|x86
	EndGlobalSection
	GlobalSection(ProjectConfigurationPlatforms) = postSolution
		{BFBE5618-7AFE-4778-8022-617D16F9426F}.Debug|x86.ActiveCfg = Debug|x86
		{BFBE5618-7AFE-4778-8022-617D16F9426F}.Debug|x86.Build.0 = Debug|x86
		{BFBE5618-7AFE-4778-8022-617D16F9426F}.Release|x86.ActiveCfg = Release|x86
		{BFBE5618-7AFE-4778-8022-617D16F9426F}.Release|x86.Build.0 = Release|x86
	EndGlobalSection
	GlobalSection(SolutionProperties) = preSolution
		HideSolutionNode = FALSE
	EndGlobalSection
EndGlobal
