
Microsoft Visual Studio Solution File, Format Version 11.00
# Visual Studio 2010
Project("{F184B08F-C81C-45F6-A57F-5ABD9991F28F}") = "българската техника на 20-ти век", "българската техника на 20-ти век\българската техника на 20-ти век.vbproj", "{A8CB5600-CE26-4494-9BFE-6B5C6938F53F}"
EndProject
Global
	GlobalSection(SolutionConfigurationPlatforms) = preSolution
		Debug|x86 = Debug|x86
		Release|x86 = Release|x86
	EndGlobalSection
	GlobalSection(ProjectConfigurationPlatforms) = postSolution
		{A8CB5600-CE26-4494-9BFE-6B5C6938F53F}.Debug|x86.ActiveCfg = Debug|x86
		{A8CB5600-CE26-4494-9BFE-6B5C6938F53F}.Debug|x86.Build.0 = Debug|x86
		{A8CB5600-CE26-4494-9BFE-6B5C6938F53F}.Release|x86.ActiveCfg = Release|x86
		{A8CB5600-CE26-4494-9BFE-6B5C6938F53F}.Release|x86.Build.0 = Release|x86
	EndGlobalSection
	GlobalSection(SolutionProperties) = preSolution
		HideSolutionNode = FALSE
	EndGlobalSection
EndGlobal
