
Microsoft Visual Studio Solution File, Format Version 11.00
# Visual Studio 2010
Project("{F184B08F-C81C-45F6-A57F-5ABD9991F28F}") = "дъга", "дъга\дъга.vbproj", "{7AD1C93D-DDF4-45FE-BF76-9F4D51AAF680}"
EndProject
Global
	GlobalSection(SolutionConfigurationPlatforms) = preSolution
		Debug|x86 = Debug|x86
		Release|x86 = Release|x86
	EndGlobalSection
	GlobalSection(ProjectConfigurationPlatforms) = postSolution
		{7AD1C93D-DDF4-45FE-BF76-9F4D51AAF680}.Debug|x86.ActiveCfg = Debug|x86
		{7AD1C93D-DDF4-45FE-BF76-9F4D51AAF680}.Debug|x86.Build.0 = Debug|x86
		{7AD1C93D-DDF4-45FE-BF76-9F4D51AAF680}.Release|x86.ActiveCfg = Release|x86
		{7AD1C93D-DDF4-45FE-BF76-9F4D51AAF680}.Release|x86.Build.0 = Release|x86
	EndGlobalSection
	GlobalSection(SolutionProperties) = preSolution
		HideSolutionNode = FALSE
	EndGlobalSection
EndGlobal
